
Microsoft Visual Studio Solution File, Format Version 12.00
# Visual Studio Version 16
VisualStudioVersion = 16.0.29613.14
MinimumVisualStudioVersion = 10.0.40219.1
Project("{FAE04EC0-301F-11D3-BF4B-00C04F79EFBC}") = "NCDKWrapper", "NCDKWrapper\NCDKWrapper.csproj", "{4ECE1DDF-CE1A-4434-A978-B7822EAA5787}"
EndProject
Global
	GlobalSection(SolutionConfigurationPlatforms) = preSolution
		Debug|Any CPU = Debug|Any CPU
		Release|Any CPU = Release|Any CPU
	EndGlobalSection
	GlobalSection(ProjectConfigurationPlatforms) = postSolution
		{4ECE1DDF-CE1A-4434-A978-B7822EAA5787}.Debug|Any CPU.ActiveCfg = Debug|Any CPU
		{4ECE1DDF-CE1A-4434-A978-B7822EAA5787}.Debug|Any CPU.Build.0 = Debug|Any CPU
		{4ECE1DDF-CE1A-4434-A978-B7822EAA5787}.Release|Any CPU.ActiveCfg = Release|Any CPU
		{4ECE1DDF-CE1A-4434-A978-B7822EAA5787}.Release|Any CPU.Build.0 = Release|Any CPU
	EndGlobalSection
	GlobalSection(SolutionProperties) = preSolution
		HideSolutionNode = FALSE
	EndGlobalSection
	GlobalSection(ExtensibilityGlobals) = postSolution
		SolutionGuid = {7418C51A-D013-41BB-A764-4A2A8E949748}
	EndGlobalSection
EndGlobal
